
Microsoft Visual Studio Solution File, Format Version 12.00
# Visual Studio 15
VisualStudioVersion = 15.0.28307.168
MinimumVisualStudioVersion = 10.0.40219.1
Project("{FAE04EC0-301F-11D3-BF4B-00C04F79EFBC}") = "ICommand-sample", "ICommand-sample\ICommand-sample.csproj", "{D5FAEBD3-472E-4A5E-AA94-2EE674B91DFD}"
EndProject
Global
	GlobalSection(SolutionConfigurationPlatforms) = preSolution
		Debug|Any CPU = Debug|Any CPU
		Release|Any CPU = Release|Any CPU
	EndGlobalSection
	GlobalSection(ProjectConfigurationPlatforms) = postSolution
		{D5FAEBD3-472E-4A5E-AA94-2EE674B91DFD}.Debug|Any CPU.ActiveCfg = Debug|Any CPU
		{D5FAEBD3-472E-4A5E-AA94-2EE674B91DFD}.Debug|Any CPU.Build.0 = Debug|Any CPU
		{D5FAEBD3-472E-4A5E-AA94-2EE674B91DFD}.Release|Any CPU.ActiveCfg = Release|Any CPU
		{D5FAEBD3-472E-4A5E-AA94-2EE674B91DFD}.Release|Any CPU.Build.0 = Release|Any CPU
	EndGlobalSection
	GlobalSection(SolutionProperties) = preSolution
		HideSolutionNode = FALSE
	EndGlobalSection
	GlobalSection(ExtensibilityGlobals) = postSolution
		SolutionGuid = {397D7631-55B0-4130-AF00-3F46F9126B16}
	EndGlobalSection
EndGlobal
